// !$*UTF8*$!
{
	archiveVersion = 1;
	classes = {
	};
	objectVersion = 46;
	objects = {

/* Begin PBXBuildFile section */
		50C44F3B1F17D5F30075849E /* AppDelegate.swift in Sources */ = {isa = PBXBuildFile; fileRef = 50C44F3A1F17D5F30075849E /* AppDelegate.swift */; };
		50C44F3D1F17D5F30075849E /* ViewController.swift in Sources */ = {isa = PBXBuildFile; fileRef = 50C44F3C1F17D5F30075849E /* ViewController.swift */; };
		50C44F401F17D5F30075849E /* Main.storyboard in Resources */ = {isa = PBXBuildFile; fileRef = 50C44F3E1F17D5F30075849E /* Main.storyboard */; };
		50C44F421F17D5F30075849E /* Assets.xcassets in Resources */ = {isa = PBXBuildFile; fileRef = 50C44F411F17D5F30075849E /* Assets.xcassets */; };
		50C44F451F17D5F30075849E /* LaunchScreen.storyboard in Resources */ = {isa = PBXBuildFile; fileRef = 50C44F431F17D5F30075849E /* LaunchScreen.storyboard */; };
		50C44F4D1F17D64B0075849E /* TextCollectionViewCell.swift in Sources */ = {isa = PBXBuildFile; fileRef = 50C44F4C1F17D64B0075849E /* TextCollectionViewCell.swift */; };
/* End PBXBuildFile section */

/* Begin PBXFileReference section */
		50C44F371F17D5F30075849E /* CVDragNDropSample.app */ = {isa = PBXFileReference; explicitFileType = wrapper.application; includeInIndex = 0; path = CVDragNDropSample.app; sourceTree = BUILT_PRODUCTS_DIR; };
		50C44F3A1F17D5F30075849E /* AppDelegate.swift */ = {isa = PBXFileReference; lastKnownFileType = sourcecode.swift; path = AppDelegate.swift; sourceTree = "<group>"; };
		50C44F3C1F17D5F30075849E /* ViewController.swift */ = {isa = PBXFileReference; lastKnownFileType = sourcecode.swift; path = ViewController.swift; sourceTree = "<group>"; };
		50C44F3F1F17D5F30075849E /* Base */ = {isa = PBXFileReference; lastKnownFileType = file.storyboard; name = Base; path = Base.lproj/Main.storyboard; sourceTree = "<group>"; };
		50C44F411F17D5F30075849E /* Assets.xcassets */ = {isa = PBXFileReference; lastKnownFileType = folder.assetcatalog; path = Assets.xcassets; sourceTree = "<group>"; };
		50C44F441F17D5F30075849E /* Base */ = {isa = PBXFileReference; lastKnownFileType = file.storyboard; name = Base; path = Base.lproj/LaunchScreen.storyboard; sourceTree = "<group>"; };
		50C44F461F17D5F30075849E /* Info.plist */ = {isa = PBXFileReference; lastKnownFileType = text.plist.xml; path = Info.plist; sourceTree = "<group>"; };
		50C44F4C1F17D64B0075849E /* TextCollectionViewCell.swift */ = {isa = PBXFileReference; fileEncoding = 4; lastKnownFileType = sourcecode.swift; path = TextCollectionViewCell.swift; sourceTree = "<group>"; };
/* End PBXFileReference section */

/* Begin PBXFrameworksBuildPhase section */
		50C44F341F17D5F30075849E /* Frameworks */ = {
			isa = PBXFrameworksBuildPhase;
			buildActionMask = 2147483647;
			files = (
			);
			runOnlyForDeploymentPostprocessing = 0;
		};
/* End PBXFrameworksBuildPhase section */

/* Begin PBXGroup section */
		5030D9D41F17D87300B58AEE /* View */ = {
			isa = PBXGroup;
			children = (
				50C44F4C1F17D64B0075849E /* TextCollectionViewCell.swift */,
			);
			name = View;
			sourceTree = "<group>";
		};
		5030D9D51F17D88A00B58AEE /* Controller */ = {
			isa = PBXGroup;
			children = (
				50C44F3C1F17D5F30075849E /* ViewController.swift */,
			);
			name = Controller;
			sourceTree = "<group>";
		};
		50C44F2E1F17D5F30075849E = {
			isa = PBXGroup;
			children = (
				50C44F391F17D5F30075849E /* CVDragNDropSample */,
				50C44F381F17D5F30075849E /* Products */,
			);
			sourceTree = "<group>";
		};
		50C44F381F17D5F30075849E /* Products */ = {
			isa = PBXGroup;
			children = (
				50C44F371F17D5F30075849E /* CVDragNDropSample.app */,
			);
			name = Products;
			sourceTree = "<group>";
		};
		50C44F391F17D5F30075849E /* CVDragNDropSample */ = {
			isa = PBXGroup;
			children = (
				50C44F3A1F17D5F30075849E /* AppDelegate.swift */,
				5030D9D51F17D88A00B58AEE /* Controller */,
				5030D9D41F17D87300B58AEE /* View */,
				50C44F3E1F17D5F30075849E /* Main.storyboard */,
				50C44F411F17D5F30075849E /* Assets.xcassets */,
				50C44F431F17D5F30075849E /* LaunchScreen.storyboard */,
				50C44F461F17D5F30075849E /* Info.plist */,
			);
			path = CVDragNDropSample;
			sourceTree = "<group>";
		};
/* End PBXGroup section */

/* Begin PBXNativeTarget section */
		50C44F361F17D5F30075849E /* CVDragNDropSample */ = {
			isa = PBXNativeTarget;
			buildConfigurationList = 50C44F491F17D5F30075849E /* Build configuration list for PBXNativeTarget "CVDragNDropSample" */;
			buildPhases = (
				50C44F331F17D5F30075849E /* Sources */,
				50C44F341F17D5F30075849E /* Frameworks */,
				50C44F351F17D5F30075849E /* Resources */,
			);
			buildRules = (
			);
			dependencies = (
			);
			name = CVDragNDropSample;
			productName = CVDragNDropSample;
			productReference = 50C44F371F17D5F30075849E /* CVDragNDropSample.app */;
			productType = "com.apple.product-type.application";
		};
/* End PBXNativeTarget section */

/* Begin PBXProject section */
		50C44F2F1F17D5F30075849E /* Project object */ = {
			isa = PBXProject;
			attributes = {
				LastSwiftUpdateCheck = 0830;
				LastUpgradeCheck = 0830;
				ORGANIZATIONNAME = anvapp;
				TargetAttributes = {
					50C44F361F17D5F30075849E = {
						CreatedOnToolsVersion = 8.3.3;
						DevelopmentTeam = Y3CMVVG3HP;
						ProvisioningStyle = Automatic;
					};
				};
			};
			buildConfigurationList = 50C44F321F17D5F30075849E /* Build configuration list for PBXProject "CVDragNDropSample" */;
			compatibilityVersion = "Xcode 3.2";
			developmentRegion = English;
			hasScannedForEncodings = 0;
			knownRegions = (
				en,
				Base,
			);
			mainGroup = 50C44F2E1F17D5F30075849E;
			productRefGroup = 50C44F381F17D5F30075849E /* Products */;
			projectDirPath = "";
			projectRoot = "";
			targets = (
				50C44F361F17D5F30075849E /* CVDragNDropSample */,
			);
		};
/* End PBXProject section */

/* Begin PBXResourcesBuildPhase section */
		50C44F351F17D5F30075849E /* Resources */ = {
			isa = PBXResourcesBuildPhase;
			buildActionMask = 2147483647;
			files = (
				50C44F451F17D5F30075849E /* LaunchScreen.storyboard in Resources */,
				50C44F421F17D5F30075849E /* Assets.xcassets in Resources */,
				50C44F401F17D5F30075849E /* Main.storyboard in Resources */,
			);
			runOnlyForDeploymentPostprocessing = 0;
		};
/* End PBXResourcesBuildPhase section */

/* Begin PBXSourcesBuildPhase section */
		50C44F331F17D5F30075849E /* Sources */ = {
			isa = PBXSourcesBuildPhase;
			buildActionMask = 2147483647;
			files = (
				50C44F3D1F17D5F30075849E /* ViewController.swift in Sources */,
				50C44F4D1F17D64B0075849E /* TextCollectionViewCell.swift in Sources */,
				50C44F3B1F17D5F30075849E /* AppDelegate.swift in Sources */,
			);
			runOnlyForDeploymentPostprocessing = 0;
		};
/* End PBXSourcesBuildPhase section */

/* Begin PBXVariantGroup section */
		50C44F3E1F17D5F30075849E /* Main.storyboard */ = {
			isa = PBXVariantGroup;
			children = (
				50C44F3F1F17D5F30075849E /* Base */,
			);
			name = Main.storyboard;
			sourceTree = "<group>";
		};
		50C44F431F17D5F30075849E /* LaunchScreen.storyboard */ = {
			isa = PBXVariantGroup;
			children = (
				50C44F441F17D5F30075849E /* Base */,
			);
			name = LaunchScreen.storyboard;
			sourceTree = "<group>";
		};
/* End PBXVariantGroup section */

/* Begin XCBuildConfiguration section */
		50C44F471F17D5F30075849E /* Debug */ = {
			isa = XCBuildConfiguration;
			buildSettings = {
				ALWAYS_SEARCH_USER_PATHS = NO;
				CLANG_ANALYZER_NONNULL = YES;
				CLANG_ANALYZER_NUMBER_OBJECT_CONVERSION = YES_AGGRESSIVE;
				CLANG_CXX_LANGUAGE_STANDARD = "gnu++0x";
				CLANG_CXX_LIBRARY = "libc++";
				CLANG_ENABLE_MODULES = YES;
				CLANG_ENABLE_OBJC_ARC = YES;
				CLANG_WARN_BOOL_CONVERSION = YES;
				CLANG_WARN_CONSTANT_CONVERSION = YES;
				CLANG_WARN_DIRECT_OBJC_ISA_USAGE = YES_ERROR;
				CLANG_WARN_DOCUMENTATION_COMMENTS = YES;
				CLANG_WARN_EMPTY_BODY = YES;
				CLANG_WARN_ENUM_CONVERSION = YES;
				CLANG_WARN_INFINITE_RECURSION = YES;
				CLANG_WARN_INT_CONVERSION = YES;
				CLANG_WARN_OBJC_ROOT_CLASS = YES_ERROR;
				CLANG_WARN_SUSPICIOUS_MOVE = YES;
				CLANG_WARN_UNREACHABLE_CODE = YES;
				CLANG_WARN__DUPLICATE_METHOD_MATCH = YES;
				"CODE_SIGN_IDENTITY[sdk=iphoneos*]" = "iPhone Developer";
				COPY_PHASE_STRIP = NO;
				DEBUG_INFORMATION_FORMAT = dwarf;
				ENABLE_STRICT_OBJC_MSGSEND = YES;
				ENABLE_TESTABILITY = YES;
				GCC_C_LANGUAGE_STANDARD = gnu99;
				GCC_DYNAMIC_NO_PIC = NO;
				GCC_NO_COMMON_BLOCKS = YES;
				GCC_OPTIMIZATION_LEVEL = 0;
				GCC_PREPROCESSOR_DEFINITIONS = (
					"DEBUG=1",
					"$(inherited)",
				);
				GCC_WARN_64_TO_32_BIT_CONVERSION = YES;
				GCC_WARN_ABOUT_RETURN_TYPE = YES_ERROR;
				GCC_WARN_UNDECLARED_SELECTOR = YES;
				GCC_WARN_UNINITIALIZED_AUTOS = YES_AGGRESSIVE;
				GCC_WARN_UNUSED_FUNCTION = YES;
				GCC_WARN_UNUSED_VARIABLE = YES;
				IPHONEOS_DEPLOYMENT_TARGET = 10.3;
				MTL_ENABLE_DEBUG_INFO = YES;
				ONLY_ACTIVE_ARCH = YES;
				SDKROOT = iphoneos;
				SWIFT_ACTIVE_COMPILATION_CONDITIONS = DEBUG;
				SWIFT_OPTIMIZATION_LEVEL = "-Onone";
			};
			name = Debug;
		};
		50C44F481F17D5F30075849E /* Release */ = {
			isa = XCBuildConfiguration;
			buildSettings = {
				ALWAYS_SEARCH_USER_PATHS = NO;
				CLANG_ANALYZER_NONNULL = YES;
				CLANG_ANALYZER_NUMBER_OBJECT_CONVERSION = YES_AGGRESSIVE;
				CLANG_CXX_LANGUAGE_STANDARD = "gnu++0x";
				CLANG_CXX_LIBRARY = "libc++";
				CLANG_ENABLE_MODULES = YES;
				CLANG_ENABLE_OBJC_ARC = YES;
				CLANG_WARN_BOOL_CONVERSION = YES;
				CLANG_WARN_CONSTANT_CONVERSION = YES;
				CLANG_WARN_DIRECT_OBJC_ISA_USAGE = YES_ERROR;
				CLANG_WARN_DOCUMENTATION_COMMENTS = YES;
				CLANG_WARN_EMPTY_BODY = YES;
				CLANG_WARN_ENUM_CONVERSION = YES;
				CLANG_WARN_INFINITE_RECURSION = YES;
				CLANG_WARN_INT_CONVERSION = YES;
				CLANG_WARN_OBJC_ROOT_CLASS = YES_ERROR;
				CLANG_WARN_SUSPICIOUS_MOVE = YES;
				CLANG_WARN_UNREACHABLE_CODE = YES;
				CLANG_WARN__DUPLICATE_METHOD_MATCH = YES;
				"CODE_SIGN_IDENTITY[sdk=iphoneos*]" = "iPhone Developer";
				COPY_PHASE_STRIP = NO;
				DEBUG_INFORMATION_FORMAT = "dwarf-with-dsym";
				ENABLE_NS_ASSERTIONS = NO;
				ENABLE_STRICT_OBJC_MSGSEND = YES;
				GCC_C_LANGUAGE_STANDARD = gnu99;
				GCC_NO_COMMON_BLOCKS = YES;
				GCC_WARN_64_TO_32_BIT_CONVERSION = YES;
				GCC_WARN_ABOUT_RETURN_TYPE = YES_ERROR;
				GCC_WARN_UNDECLARED_SELECTOR = YES;
				GCC_WARN_UNINITIALIZED_AUTOS = YES_AGGRESSIVE;
				GCC_WARN_UNUSED_FUNCTION = YES;
				GCC_WARN_UNUSED_VARIABLE = YES;
				IPHONEOS_DEPLOYMENT_TARGET = 10.3;
				MTL_ENABLE_DEBUG_INFO = NO;
				SDKROOT = iphoneos;
				SWIFT_OPTIMIZATION_LEVEL = "-Owholemodule";
				VALIDATE_PRODUCT = YES;
			};
			name = Release;
		};
		50C44F4A1F17D5F30075849E /* Debug */ = {
			isa = XCBuildConfiguration;
			buildSettings = {
				ASSETCATALOG_COMPILER_APPICON_NAME = AppIcon;
				DEVELOPMENT_TEAM = Y3CMVVG3HP;
				INFOPLIST_FILE = CVDragNDropSample/Info.plist;
				LD_RUNPATH_SEARCH_PATHS = "$(inherited) @executable_path/Frameworks";
				PRODUCT_BUNDLE_IDENTIFIER = com.maxnesto.CVDragNDropSample;
				PRODUCT_NAME = "$(TARGET_NAME)";
				SWIFT_VERSION = 3.0;
			};
			name = Debug;
		};
		50C44F4B1F17D5F30075849E /* Release */ = {
			isa = XCBuildConfiguration;
			buildSettings = {
				ASSETCATALOG_COMPILER_APPICON_NAME = AppIcon;
				DEVELOPMENT_TEAM = Y3CMVVG3HP;
				INFOPLIST_FILE = CVDragNDropSample/Info.plist;
				LD_RUNPATH_SEARCH_PATHS = "$(inherited) @executable_path/Frameworks";
				PRODUCT_BUNDLE_IDENTIFIER = com.maxnesto.CVDragNDropSample;
				PRODUCT_NAME = "$(TARGET_NAME)";
				SWIFT_VERSION = 3.0;
			};
			name = Release;
		};
/* End XCBuildConfiguration section */

/* Begin XCConfigurationList section */
		50C44F321F17D5F30075849E /* Build configuration list for PBXProject "CVDragNDropSample" */ = {
			isa = XCConfigurationList;
			buildConfigurations = (
				50C44F471F17D5F30075849E /* Debug */,
				50C44F481F17D5F30075849E /* Release */,
			);
			defaultConfigurationIsVisible = 0;
			defaultConfigurationName = Release;
		};
		50C44F491F17D5F30075849E /* Build configuration list for PBXNativeTarget "CVDragNDropSample" */ = {
			isa = XCConfigurationList;
			buildConfigurations = (
				50C44F4A1F17D5F30075849E /* Debug */,
				50C44F4B1F17D5F30075849E /* Release */,
			);
			defaultConfigurationIsVisible = 0;
			defaultConfigurationName = Release;
		};
/* End XCConfigurationList section */
	};
	rootObject = 50C44F2F1F17D5F30075849E /* Project object */;
}
